
Microsoft Visual Studio Solution File, Format Version 9.00
# Visual Studio 2005
Project("{54435603-DBB4-11D2-8724-00A0C9A8B90C}") = "Installer", "Installer\Installer.vdproj", "{E7C71BA1-91C3-43D6-BB33-3D47018DCDC7}"
EndProject
Global
	GlobalSection(SolutionConfigurationPlatforms) = preSolution
		Debug|Default = Debug|Default
		Release|Default = Release|Default
	EndGlobalSection
	GlobalSection(ProjectConfigurationPlatforms) = postSolution
		{E7C71BA1-91C3-43D6-BB33-3D47018DCDC7}.Debug|Default.ActiveCfg = Release
		{E7C71BA1-91C3-43D6-BB33-3D47018DCDC7}.Debug|Default.Build.0 = Release
		{E7C71BA1-91C3-43D6-BB33-3D47018DCDC7}.Release|Default.ActiveCfg = Release
		{E7C71BA1-91C3-43D6-BB33-3D47018DCDC7}.Release|Default.Build.0 = Release
	EndGlobalSection
	GlobalSection(SolutionProperties) = preSolution
		HideSolutionNode = FALSE
	EndGlobalSection
EndGlobal
